
Microsoft Visual Studio Solution File, Format Version 12.00
# Visual Studio Version 17
VisualStudioVersion = 17.5.33424.131
MinimumVisualStudioVersion = 10.0.40219.1
Project("{9A19103F-16F7-4668-BE54-9A1E7A4F7556}") = "Exercicio02", "Exercicio02\Exercicio02.csproj", "{03C68962-3407-4915-80E3-EBB9A5E20956}"
EndProject
Project("{9A19103F-16F7-4668-BE54-9A1E7A4F7556}") = "Exercicio01", "Exercicio01\Exercicio01.csproj", "{0AA00BB1-9C07-46D7-9F4F-326586247A8B}"
EndProject
Project("{9A19103F-16F7-4668-BE54-9A1E7A4F7556}") = "Exercicio03", "Exercicio03\Exercicio03.csproj", "{C26B39DE-DCE0-4E11-A673-22C156866B08}"
EndProject
Project("{9A19103F-16F7-4668-BE54-9A1E7A4F7556}") = "Exercicio04", "Exercicio04\Exercicio04.csproj", "{D3D0E73C-C11E-472B-B899-172F1EF40F6A}"
EndProject
Project("{9A19103F-16F7-4668-BE54-9A1E7A4F7556}") = "Exercicio05", "Exercicio05\Exercicio05.csproj", "{F8B27773-9F31-4BDB-AD95-96F569B19F44}"
EndProject
Project("{9A19103F-16F7-4668-BE54-9A1E7A4F7556}") = "Exercicio11", "Exercicio11\Exercicio11.csproj", "{11FB2B25-58E8-40B3-80CF-768746B9F6AC}"
EndProject
Project("{FAE04EC0-301F-11D3-BF4B-00C04F79EFBC}") = "Exercicio06", "Exercicio06\Exercicio06.csproj", "{11BDCEA5-7D54-4608-95E0-9915DBFD5A6F}"
EndProject
Project("{FAE04EC0-301F-11D3-BF4B-00C04F79EFBC}") = "Exercicio07", "Exercicio07\Exercicio07.csproj", "{071EF2F9-195C-4F44-A1BC-C332C659DB58}"
EndProject
Project("{FAE04EC0-301F-11D3-BF4B-00C04F79EFBC}") = "Exercicio08", "Exercicio08\Exercicio08.csproj", "{97F15C49-7F07-41F7-9B1C-B297BADE5FA2}"
EndProject
Project("{FAE04EC0-301F-11D3-BF4B-00C04F79EFBC}") = "Exercicio09", "Exercicio09\Exercicio09.csproj", "{E3EBA02F-DAFA-4195-902C-E53E40454FD6}"
EndProject
Project("{FAE04EC0-301F-11D3-BF4B-00C04F79EFBC}") = "Exercicio10", "Exercicio10\Exercicio10.csproj", "{0B3D8CFD-43F0-4EA6-AB57-09DE8AA4DB5E}"
EndProject
Project("{FAE04EC0-301F-11D3-BF4B-00C04F79EFBC}") = "Exercicio12", "Exercicio12\Exercicio12.csproj", "{E894D139-DB8E-4906-A3CE-2BF83AC59937}"
EndProject
Project("{FAE04EC0-301F-11D3-BF4B-00C04F79EFBC}") = "Exercicio13", "Exercicio13\Exercicio13.csproj", "{41E71B5D-0326-41B4-A10A-B0785295DDCA}"
EndProject
Project("{FAE04EC0-301F-11D3-BF4B-00C04F79EFBC}") = "Exercicio14", "Exercicio14\Exercicio14.csproj", "{3C69CDFD-8CF3-4CB6-B8DC-EBD5E7951FAD}"
EndProject
Project("{FAE04EC0-301F-11D3-BF4B-00C04F79EFBC}") = "Exercicio15", "Exercicio15\Exercicio15.csproj", "{671F7A6F-F233-41CB-AB4A-DC36AC7B112B}"
EndProject
Project("{FAE04EC0-301F-11D3-BF4B-00C04F79EFBC}") = "Exercicio16", "Exercicio16\Exercicio16.csproj", "{60E42EA8-FB4C-4E02-8E43-E06E66C4DCE2}"
EndProject
Project("{FAE04EC0-301F-11D3-BF4B-00C04F79EFBC}") = "Exercicio17", "Exercicio17\Exercicio17.csproj", "{24EE873A-1201-4A1F-9CC2-7613ADE699EB}"
EndProject
Project("{2150E333-8FDC-42A3-9474-1A3956D46DE8}") = "Entrada, processamento e saida", "Entrada, processamento e saida", "{03219081-C50A-47FF-8F40-F5D2764D04CA}"
EndProject
Project("{2150E333-8FDC-42A3-9474-1A3956D46DE8}") = "Estruturas de decisão", "Estruturas de decisão", "{AE907273-D325-42F2-9AB5-5A39716711C3}"
EndProject
Project("{FAE04EC0-301F-11D3-BF4B-00C04F79EFBC}") = "Exercicio18", "Exercicio18\Exercicio18.csproj", "{C5FD3CA9-9B45-40FE-BC86-C8D90A776699}"
EndProject
Project("{FAE04EC0-301F-11D3-BF4B-00C04F79EFBC}") = "Exercicio19", "Exercicio19\Exercicio19.csproj", "{1645FF21-8CC6-4D97-AF3F-214F6EC9D6C0}"
EndProject
Project("{FAE04EC0-301F-11D3-BF4B-00C04F79EFBC}") = "Exercicio20", "Exercicio20\Exercicio20.csproj", "{2E0A0C1D-570B-4819-9663-8DAACA072696}"
EndProject
Project("{FAE04EC0-301F-11D3-BF4B-00C04F79EFBC}") = "Exercicio21", "Exercicio21\Exercicio21.csproj", "{9B8E6D67-E604-4764-A849-86BC28F6B1DE}"
EndProject
Project("{FAE04EC0-301F-11D3-BF4B-00C04F79EFBC}") = "Exercicio22", "Exercicio22\Exercicio22.csproj", "{11CB9E06-8FD2-4AB5-9978-CED46FD37B05}"
EndProject
Project("{2150E333-8FDC-42A3-9474-1A3956D46DE8}") = "Estruturas de repetição", "Estruturas de repetição", "{632FE6FA-E03F-4371-8A5F-285A2EDA09C3}"
EndProject
Project("{FAE04EC0-301F-11D3-BF4B-00C04F79EFBC}") = "Exercicio23", "Exercicio23\Exercicio23.csproj", "{31E16006-A815-4785-8DA6-F928DDD142AC}"
EndProject
Project("{FAE04EC0-301F-11D3-BF4B-00C04F79EFBC}") = "Exercicio24", "Exercicio24\Exercicio24.csproj", "{2967246D-9083-4F24-AF8E-52E41D0BFD2E}"
EndProject
Project("{FAE04EC0-301F-11D3-BF4B-00C04F79EFBC}") = "Exercicio25", "Exercicio25\Exercicio25.csproj", "{35CBF299-BE8F-4D0B-A3E5-DE1889D7C1C6}"
EndProject
Project("{FAE04EC0-301F-11D3-BF4B-00C04F79EFBC}") = "Exercicio26", "Exercicio26\Exercicio26.csproj", "{7A121CFA-7B25-40F3-9735-9C8967E0412F}"
EndProject
Project("{FAE04EC0-301F-11D3-BF4B-00C04F79EFBC}") = "Exercicio27", "Exercicio27\Exercicio27.csproj", "{E1D7F9C8-DB13-40C0-ADDB-26858845BD58}"
EndProject
Project("{FAE04EC0-301F-11D3-BF4B-00C04F79EFBC}") = "Exercicio28", "Exercicio28\Exercicio28.csproj", "{177D10B9-ED4F-4B92-B141-9B1FDB3FED4A}"
EndProject
Project("{FAE04EC0-301F-11D3-BF4B-00C04F79EFBC}") = "Exercicio29", "Exercicio29\Exercicio29.csproj", "{5561D44E-D278-47EE-A718-654179C6352B}"
EndProject
Global
	GlobalSection(SolutionConfigurationPlatforms) = preSolution
		Debug|Any CPU = Debug|Any CPU
		Release|Any CPU = Release|Any CPU
	EndGlobalSection
	GlobalSection(ProjectConfigurationPlatforms) = postSolution
		{03C68962-3407-4915-80E3-EBB9A5E20956}.Debug|Any CPU.ActiveCfg = Debug|Any CPU
		{03C68962-3407-4915-80E3-EBB9A5E20956}.Debug|Any CPU.Build.0 = Debug|Any CPU
		{03C68962-3407-4915-80E3-EBB9A5E20956}.Release|Any CPU.ActiveCfg = Release|Any CPU
		{03C68962-3407-4915-80E3-EBB9A5E20956}.Release|Any CPU.Build.0 = Release|Any CPU
		{0AA00BB1-9C07-46D7-9F4F-326586247A8B}.Debug|Any CPU.ActiveCfg = Debug|Any CPU
		{0AA00BB1-9C07-46D7-9F4F-326586247A8B}.Debug|Any CPU.Build.0 = Debug|Any CPU
		{0AA00BB1-9C07-46D7-9F4F-326586247A8B}.Release|Any CPU.ActiveCfg = Release|Any CPU
		{0AA00BB1-9C07-46D7-9F4F-326586247A8B}.Release|Any CPU.Build.0 = Release|Any CPU
		{C26B39DE-DCE0-4E11-A673-22C156866B08}.Debug|Any CPU.ActiveCfg = Debug|Any CPU
		{C26B39DE-DCE0-4E11-A673-22C156866B08}.Debug|Any CPU.Build.0 = Debug|Any CPU
		{C26B39DE-DCE0-4E11-A673-22C156866B08}.Release|Any CPU.ActiveCfg = Release|Any CPU
		{C26B39DE-DCE0-4E11-A673-22C156866B08}.Release|Any CPU.Build.0 = Release|Any CPU
		{D3D0E73C-C11E-472B-B899-172F1EF40F6A}.Debug|Any CPU.ActiveCfg = Debug|Any CPU
		{D3D0E73C-C11E-472B-B899-172F1EF40F6A}.Debug|Any CPU.Build.0 = Debug|Any CPU
		{D3D0E73C-C11E-472B-B899-172F1EF40F6A}.Release|Any CPU.ActiveCfg = Release|Any CPU
		{D3D0E73C-C11E-472B-B899-172F1EF40F6A}.Release|Any CPU.Build.0 = Release|Any CPU
		{F8B27773-9F31-4BDB-AD95-96F569B19F44}.Debug|Any CPU.ActiveCfg = Debug|Any CPU
		{F8B27773-9F31-4BDB-AD95-96F569B19F44}.Debug|Any CPU.Build.0 = Debug|Any CPU
		{F8B27773-9F31-4BDB-AD95-96F569B19F44}.Release|Any CPU.ActiveCfg = Release|Any CPU
		{F8B27773-9F31-4BDB-AD95-96F569B19F44}.Release|Any CPU.Build.0 = Release|Any CPU
		{11FB2B25-58E8-40B3-80CF-768746B9F6AC}.Debug|Any CPU.ActiveCfg = Debug|Any CPU
		{11FB2B25-58E8-40B3-80CF-768746B9F6AC}.Debug|Any CPU.Build.0 = Debug|Any CPU
		{11FB2B25-58E8-40B3-80CF-768746B9F6AC}.Release|Any CPU.ActiveCfg = Release|Any CPU
		{11FB2B25-58E8-40B3-80CF-768746B9F6AC}.Release|Any CPU.Build.0 = Release|Any CPU
		{11BDCEA5-7D54-4608-95E0-9915DBFD5A6F}.Debug|Any CPU.ActiveCfg = Debug|Any CPU
		{11BDCEA5-7D54-4608-95E0-9915DBFD5A6F}.Debug|Any CPU.Build.0 = Debug|Any CPU
		{11BDCEA5-7D54-4608-95E0-9915DBFD5A6F}.Release|Any CPU.ActiveCfg = Release|Any CPU
		{11BDCEA5-7D54-4608-95E0-9915DBFD5A6F}.Release|Any CPU.Build.0 = Release|Any CPU
		{071EF2F9-195C-4F44-A1BC-C332C659DB58}.Debug|Any CPU.ActiveCfg = Debug|Any CPU
		{071EF2F9-195C-4F44-A1BC-C332C659DB58}.Debug|Any CPU.Build.0 = Debug|Any CPU
		{071EF2F9-195C-4F44-A1BC-C332C659DB58}.Release|Any CPU.ActiveCfg = Release|Any CPU
		{071EF2F9-195C-4F44-A1BC-C332C659DB58}.Release|Any CPU.Build.0 = Release|Any CPU
		{97F15C49-7F07-41F7-9B1C-B297BADE5FA2}.Debug|Any CPU.ActiveCfg = Debug|Any CPU
		{97F15C49-7F07-41F7-9B1C-B297BADE5FA2}.Debug|Any CPU.Build.0 = Debug|Any CPU
		{97F15C49-7F07-41F7-9B1C-B297BADE5FA2}.Release|Any CPU.ActiveCfg = Release|Any CPU
		{97F15C49-7F07-41F7-9B1C-B297BADE5FA2}.Release|Any CPU.Build.0 = Release|Any CPU
		{E3EBA02F-DAFA-4195-902C-E53E40454FD6}.Debug|Any CPU.ActiveCfg = Debug|Any CPU
		{E3EBA02F-DAFA-4195-902C-E53E40454FD6}.Debug|Any CPU.Build.0 = Debug|Any CPU
		{E3EBA02F-DAFA-4195-902C-E53E40454FD6}.Release|Any CPU.ActiveCfg = Release|Any CPU
		{E3EBA02F-DAFA-4195-902C-E53E40454FD6}.Release|Any CPU.Build.0 = Release|Any CPU
		{0B3D8CFD-43F0-4EA6-AB57-09DE8AA4DB5E}.Debug|Any CPU.ActiveCfg = Debug|Any CPU
		{0B3D8CFD-43F0-4EA6-AB57-09DE8AA4DB5E}.Debug|Any CPU.Build.0 = Debug|Any CPU
		{0B3D8CFD-43F0-4EA6-AB57-09DE8AA4DB5E}.Release|Any CPU.ActiveCfg = Release|Any CPU
		{0B3D8CFD-43F0-4EA6-AB57-09DE8AA4DB5E}.Release|Any CPU.Build.0 = Release|Any CPU
		{E894D139-DB8E-4906-A3CE-2BF83AC59937}.Debug|Any CPU.ActiveCfg = Debug|Any CPU
		{E894D139-DB8E-4906-A3CE-2BF83AC59937}.Debug|Any CPU.Build.0 = Debug|Any CPU
		{E894D139-DB8E-4906-A3CE-2BF83AC59937}.Release|Any CPU.ActiveCfg = Release|Any CPU
		{E894D139-DB8E-4906-A3CE-2BF83AC59937}.Release|Any CPU.Build.0 = Release|Any CPU
		{41E71B5D-0326-41B4-A10A-B0785295DDCA}.Debug|Any CPU.ActiveCfg = Debug|Any CPU
		{41E71B5D-0326-41B4-A10A-B0785295DDCA}.Debug|Any CPU.Build.0 = Debug|Any CPU
		{41E71B5D-0326-41B4-A10A-B0785295DDCA}.Release|Any CPU.ActiveCfg = Release|Any CPU
		{41E71B5D-0326-41B4-A10A-B0785295DDCA}.Release|Any CPU.Build.0 = Release|Any CPU
		{3C69CDFD-8CF3-4CB6-B8DC-EBD5E7951FAD}.Debug|Any CPU.ActiveCfg = Debug|Any CPU
		{3C69CDFD-8CF3-4CB6-B8DC-EBD5E7951FAD}.Debug|Any CPU.Build.0 = Debug|Any CPU
		{3C69CDFD-8CF3-4CB6-B8DC-EBD5E7951FAD}.Release|Any CPU.ActiveCfg = Release|Any CPU
		{3C69CDFD-8CF3-4CB6-B8DC-EBD5E7951FAD}.Release|Any CPU.Build.0 = Release|Any CPU
		{671F7A6F-F233-41CB-AB4A-DC36AC7B112B}.Debug|Any CPU.ActiveCfg = Debug|Any CPU
		{671F7A6F-F233-41CB-AB4A-DC36AC7B112B}.Debug|Any CPU.Build.0 = Debug|Any CPU
		{671F7A6F-F233-41CB-AB4A-DC36AC7B112B}.Release|Any CPU.ActiveCfg = Release|Any CPU
		{671F7A6F-F233-41CB-AB4A-DC36AC7B112B}.Release|Any CPU.Build.0 = Release|Any CPU
		{60E42EA8-FB4C-4E02-8E43-E06E66C4DCE2}.Debug|Any CPU.ActiveCfg = Debug|Any CPU
		{60E42EA8-FB4C-4E02-8E43-E06E66C4DCE2}.Debug|Any CPU.Build.0 = Debug|Any CPU
		{60E42EA8-FB4C-4E02-8E43-E06E66C4DCE2}.Release|Any CPU.ActiveCfg = Release|Any CPU
		{60E42EA8-FB4C-4E02-8E43-E06E66C4DCE2}.Release|Any CPU.Build.0 = Release|Any CPU
		{24EE873A-1201-4A1F-9CC2-7613ADE699EB}.Debug|Any CPU.ActiveCfg = Debug|Any CPU
		{24EE873A-1201-4A1F-9CC2-7613ADE699EB}.Debug|Any CPU.Build.0 = Debug|Any CPU
		{24EE873A-1201-4A1F-9CC2-7613ADE699EB}.Release|Any CPU.ActiveCfg = Release|Any CPU
		{24EE873A-1201-4A1F-9CC2-7613ADE699EB}.Release|Any CPU.Build.0 = Release|Any CPU
		{C5FD3CA9-9B45-40FE-BC86-C8D90A776699}.Debug|Any CPU.ActiveCfg = Debug|Any CPU
		{C5FD3CA9-9B45-40FE-BC86-C8D90A776699}.Debug|Any CPU.Build.0 = Debug|Any CPU
		{C5FD3CA9-9B45-40FE-BC86-C8D90A776699}.Release|Any CPU.ActiveCfg = Release|Any CPU
		{C5FD3CA9-9B45-40FE-BC86-C8D90A776699}.Release|Any CPU.Build.0 = Release|Any CPU
		{1645FF21-8CC6-4D97-AF3F-214F6EC9D6C0}.Debug|Any CPU.ActiveCfg = Debug|Any CPU
		{1645FF21-8CC6-4D97-AF3F-214F6EC9D6C0}.Debug|Any CPU.Build.0 = Debug|Any CPU
		{1645FF21-8CC6-4D97-AF3F-214F6EC9D6C0}.Release|Any CPU.ActiveCfg = Release|Any CPU
		{1645FF21-8CC6-4D97-AF3F-214F6EC9D6C0}.Release|Any CPU.Build.0 = Release|Any CPU
		{2E0A0C1D-570B-4819-9663-8DAACA072696}.Debug|Any CPU.ActiveCfg = Debug|Any CPU
		{2E0A0C1D-570B-4819-9663-8DAACA072696}.Debug|Any CPU.Build.0 = Debug|Any CPU
		{2E0A0C1D-570B-4819-9663-8DAACA072696}.Release|Any CPU.ActiveCfg = Release|Any CPU
		{2E0A0C1D-570B-4819-9663-8DAACA072696}.Release|Any CPU.Build.0 = Release|Any CPU
		{9B8E6D67-E604-4764-A849-86BC28F6B1DE}.Debug|Any CPU.ActiveCfg = Debug|Any CPU
		{9B8E6D67-E604-4764-A849-86BC28F6B1DE}.Debug|Any CPU.Build.0 = Debug|Any CPU
		{9B8E6D67-E604-4764-A849-86BC28F6B1DE}.Release|Any CPU.ActiveCfg = Release|Any CPU
		{9B8E6D67-E604-4764-A849-86BC28F6B1DE}.Release|Any CPU.Build.0 = Release|Any CPU
		{11CB9E06-8FD2-4AB5-9978-CED46FD37B05}.Debug|Any CPU.ActiveCfg = Debug|Any CPU
		{11CB9E06-8FD2-4AB5-9978-CED46FD37B05}.Debug|Any CPU.Build.0 = Debug|Any CPU
		{11CB9E06-8FD2-4AB5-9978-CED46FD37B05}.Release|Any CPU.ActiveCfg = Release|Any CPU
		{11CB9E06-8FD2-4AB5-9978-CED46FD37B05}.Release|Any CPU.Build.0 = Release|Any CPU
		{31E16006-A815-4785-8DA6-F928DDD142AC}.Debug|Any CPU.ActiveCfg = Debug|Any CPU
		{31E16006-A815-4785-8DA6-F928DDD142AC}.Debug|Any CPU.Build.0 = Debug|Any CPU
		{31E16006-A815-4785-8DA6-F928DDD142AC}.Release|Any CPU.ActiveCfg = Release|Any CPU
		{31E16006-A815-4785-8DA6-F928DDD142AC}.Release|Any CPU.Build.0 = Release|Any CPU
		{2967246D-9083-4F24-AF8E-52E41D0BFD2E}.Debug|Any CPU.ActiveCfg = Debug|Any CPU
		{2967246D-9083-4F24-AF8E-52E41D0BFD2E}.Debug|Any CPU.Build.0 = Debug|Any CPU
		{2967246D-9083-4F24-AF8E-52E41D0BFD2E}.Release|Any CPU.ActiveCfg = Release|Any CPU
		{2967246D-9083-4F24-AF8E-52E41D0BFD2E}.Release|Any CPU.Build.0 = Release|Any CPU
		{35CBF299-BE8F-4D0B-A3E5-DE1889D7C1C6}.Debug|Any CPU.ActiveCfg = Debug|Any CPU
		{35CBF299-BE8F-4D0B-A3E5-DE1889D7C1C6}.Debug|Any CPU.Build.0 = Debug|Any CPU
		{35CBF299-BE8F-4D0B-A3E5-DE1889D7C1C6}.Release|Any CPU.ActiveCfg = Release|Any CPU
		{35CBF299-BE8F-4D0B-A3E5-DE1889D7C1C6}.Release|Any CPU.Build.0 = Release|Any CPU
		{7A121CFA-7B25-40F3-9735-9C8967E0412F}.Debug|Any CPU.ActiveCfg = Debug|Any CPU
		{7A121CFA-7B25-40F3-9735-9C8967E0412F}.Debug|Any CPU.Build.0 = Debug|Any CPU
		{7A121CFA-7B25-40F3-9735-9C8967E0412F}.Release|Any CPU.ActiveCfg = Release|Any CPU
		{7A121CFA-7B25-40F3-9735-9C8967E0412F}.Release|Any CPU.Build.0 = Release|Any CPU
		{E1D7F9C8-DB13-40C0-ADDB-26858845BD58}.Debug|Any CPU.ActiveCfg = Debug|Any CPU
		{E1D7F9C8-DB13-40C0-ADDB-26858845BD58}.Debug|Any CPU.Build.0 = Debug|Any CPU
		{E1D7F9C8-DB13-40C0-ADDB-26858845BD58}.Release|Any CPU.ActiveCfg = Release|Any CPU
		{E1D7F9C8-DB13-40C0-ADDB-26858845BD58}.Release|Any CPU.Build.0 = Release|Any CPU
		{177D10B9-ED4F-4B92-B141-9B1FDB3FED4A}.Debug|Any CPU.ActiveCfg = Debug|Any CPU
		{177D10B9-ED4F-4B92-B141-9B1FDB3FED4A}.Debug|Any CPU.Build.0 = Debug|Any CPU
		{177D10B9-ED4F-4B92-B141-9B1FDB3FED4A}.Release|Any CPU.ActiveCfg = Release|Any CPU
		{177D10B9-ED4F-4B92-B141-9B1FDB3FED4A}.Release|Any CPU.Build.0 = Release|Any CPU
		{5561D44E-D278-47EE-A718-654179C6352B}.Debug|Any CPU.ActiveCfg = Debug|Any CPU
		{5561D44E-D278-47EE-A718-654179C6352B}.Debug|Any CPU.Build.0 = Debug|Any CPU
		{5561D44E-D278-47EE-A718-654179C6352B}.Release|Any CPU.ActiveCfg = Release|Any CPU
		{5561D44E-D278-47EE-A718-654179C6352B}.Release|Any CPU.Build.0 = Release|Any CPU
	EndGlobalSection
	GlobalSection(SolutionProperties) = preSolution
		HideSolutionNode = FALSE
	EndGlobalSection
	GlobalSection(NestedProjects) = preSolution
		{03C68962-3407-4915-80E3-EBB9A5E20956} = {03219081-C50A-47FF-8F40-F5D2764D04CA}
		{0AA00BB1-9C07-46D7-9F4F-326586247A8B} = {03219081-C50A-47FF-8F40-F5D2764D04CA}
		{C26B39DE-DCE0-4E11-A673-22C156866B08} = {03219081-C50A-47FF-8F40-F5D2764D04CA}
		{D3D0E73C-C11E-472B-B899-172F1EF40F6A} = {03219081-C50A-47FF-8F40-F5D2764D04CA}
		{F8B27773-9F31-4BDB-AD95-96F569B19F44} = {03219081-C50A-47FF-8F40-F5D2764D04CA}
		{11FB2B25-58E8-40B3-80CF-768746B9F6AC} = {03219081-C50A-47FF-8F40-F5D2764D04CA}
		{11BDCEA5-7D54-4608-95E0-9915DBFD5A6F} = {03219081-C50A-47FF-8F40-F5D2764D04CA}
		{071EF2F9-195C-4F44-A1BC-C332C659DB58} = {03219081-C50A-47FF-8F40-F5D2764D04CA}
		{97F15C49-7F07-41F7-9B1C-B297BADE5FA2} = {03219081-C50A-47FF-8F40-F5D2764D04CA}
		{E3EBA02F-DAFA-4195-902C-E53E40454FD6} = {03219081-C50A-47FF-8F40-F5D2764D04CA}
		{0B3D8CFD-43F0-4EA6-AB57-09DE8AA4DB5E} = {03219081-C50A-47FF-8F40-F5D2764D04CA}
		{E894D139-DB8E-4906-A3CE-2BF83AC59937} = {03219081-C50A-47FF-8F40-F5D2764D04CA}
		{41E71B5D-0326-41B4-A10A-B0785295DDCA} = {03219081-C50A-47FF-8F40-F5D2764D04CA}
		{3C69CDFD-8CF3-4CB6-B8DC-EBD5E7951FAD} = {03219081-C50A-47FF-8F40-F5D2764D04CA}
		{671F7A6F-F233-41CB-AB4A-DC36AC7B112B} = {03219081-C50A-47FF-8F40-F5D2764D04CA}
		{60E42EA8-FB4C-4E02-8E43-E06E66C4DCE2} = {03219081-C50A-47FF-8F40-F5D2764D04CA}
		{24EE873A-1201-4A1F-9CC2-7613ADE699EB} = {AE907273-D325-42F2-9AB5-5A39716711C3}
		{C5FD3CA9-9B45-40FE-BC86-C8D90A776699} = {AE907273-D325-42F2-9AB5-5A39716711C3}
		{1645FF21-8CC6-4D97-AF3F-214F6EC9D6C0} = {AE907273-D325-42F2-9AB5-5A39716711C3}
		{2E0A0C1D-570B-4819-9663-8DAACA072696} = {AE907273-D325-42F2-9AB5-5A39716711C3}
		{9B8E6D67-E604-4764-A849-86BC28F6B1DE} = {AE907273-D325-42F2-9AB5-5A39716711C3}
		{11CB9E06-8FD2-4AB5-9978-CED46FD37B05} = {AE907273-D325-42F2-9AB5-5A39716711C3}
		{31E16006-A815-4785-8DA6-F928DDD142AC} = {632FE6FA-E03F-4371-8A5F-285A2EDA09C3}
		{2967246D-9083-4F24-AF8E-52E41D0BFD2E} = {632FE6FA-E03F-4371-8A5F-285A2EDA09C3}
		{35CBF299-BE8F-4D0B-A3E5-DE1889D7C1C6} = {632FE6FA-E03F-4371-8A5F-285A2EDA09C3}
		{7A121CFA-7B25-40F3-9735-9C8967E0412F} = {632FE6FA-E03F-4371-8A5F-285A2EDA09C3}
		{E1D7F9C8-DB13-40C0-ADDB-26858845BD58} = {632FE6FA-E03F-4371-8A5F-285A2EDA09C3}
		{177D10B9-ED4F-4B92-B141-9B1FDB3FED4A} = {632FE6FA-E03F-4371-8A5F-285A2EDA09C3}
		{5561D44E-D278-47EE-A718-654179C6352B} = {632FE6FA-E03F-4371-8A5F-285A2EDA09C3}
	EndGlobalSection
	GlobalSection(ExtensibilityGlobals) = postSolution
		SolutionGuid = {7E7CEEE7-22D7-41A6-803C-F419E43934D0}
	EndGlobalSection
EndGlobal
